
Microsoft Visual Studio Solution File, Format Version 12.00
# Visual Studio 2013
VisualStudioVersion = 12.0.30501.0
MinimumVisualStudioVersion = 10.0.40219.1
Project("{FAE04EC0-301F-11D3-BF4B-00C04F79EFBC}") = "WebApplication2", "WebApplication2\WebApplication2.csproj", "{792E7B10-88BB-4086-B8EA-DF066AED124C}"
EndProject
Project("{2150E333-8FDC-42A3-9474-1A3956D46DE8}") = "PublishScripts", "PublishScripts", "{CC36A35E-342F-4C8A-BAC2-086D0336028C}"
	ProjectSection(SolutionItems) = preProject
		PublishScripts\AzureWebsitePublishModule.psm1 = PublishScripts\AzureWebsitePublishModule.psm1
		PublishScripts\Publish-WebApplicationWebsite.ps1 = PublishScripts\Publish-WebApplicationWebsite.ps1
	EndProjectSection
EndProject
Project("{2150E333-8FDC-42A3-9474-1A3956D46DE8}") = "Configurations", "Configurations", "{C11E25B8-4029-4194-8DDD-B8FD0A9BA538}"
	ProjectSection(SolutionItems) = preProject
		PublishScripts\Configurations\WebApplication2-WAWS-dev.json = PublishScripts\Configurations\WebApplication2-WAWS-dev.json
	EndProjectSection
EndProject
Global
	GlobalSection(SolutionConfigurationPlatforms) = preSolution
		Debug|Any CPU = Debug|Any CPU
		Release|Any CPU = Release|Any CPU
	EndGlobalSection
	GlobalSection(ProjectConfigurationPlatforms) = postSolution
		{792E7B10-88BB-4086-B8EA-DF066AED124C}.Debug|Any CPU.ActiveCfg = Debug|Any CPU
		{792E7B10-88BB-4086-B8EA-DF066AED124C}.Debug|Any CPU.Build.0 = Debug|Any CPU
		{792E7B10-88BB-4086-B8EA-DF066AED124C}.Release|Any CPU.ActiveCfg = Release|Any CPU
		{792E7B10-88BB-4086-B8EA-DF066AED124C}.Release|Any CPU.Build.0 = Release|Any CPU
	EndGlobalSection
	GlobalSection(SolutionProperties) = preSolution
		HideSolutionNode = FALSE
	EndGlobalSection
	GlobalSection(NestedProjects) = preSolution
		{C11E25B8-4029-4194-8DDD-B8FD0A9BA538} = {CC36A35E-342F-4C8A-BAC2-086D0336028C}
	EndGlobalSection
EndGlobal
